# This file is automatically @generated by Cargo.
# It is not intended for manual editing.
version = 4

[[package]]
name = "jsonic"
version = "0.2.14"
source = "registry+https://github.com/rust-lang/crates.io-index"
checksum = "a1b8306061986118bb65f0fd66c3e2ba9db18e8c1bf0cc78a17e9aa3a6d5d8c7"

[[package]]
name = "lunet-jsonic"
version = "0.1.0"
dependencies = [
 "jsonic",
]
