# This file is automatically @generated by Cargo.
# It is not intended for manual editing.
version = 4

[[package]]
name = "lunet-paxe"
version = "0.1.0"
dependencies = [
 "paxe-core",
]

[[package]]
name = "paxe-core"
version = "0.1.0"
source = "git+ssh://git@github.com/lua-lunet/paxe-core.git?tag=v0.1.0#e61519fd3055ce7e548ba0e7bb7fafb7419986e8"
